
Microsoft Visual Studio Solution File, Format Version 12.00
# Visual Studio Version 17
VisualStudioVersion = 17.12.35527.113 d17.12
MinimumVisualStudioVersion = 10.0.40219.1
Project("{FAE04EC0-301F-11D3-BF4B-00C04F79EFBC}") = "Lumin.Api", "Lumin.Api\Lumin.Api.csproj", "{B33A5755-796D-4076-8686-29D6F91AEA72}"
	ProjectSection(ProjectDependencies) = postProject
		{67A28B1B-D378-4D40-B059-20B8620AF6DD} = {67A28B1B-D378-4D40-B059-20B8620AF6DD}
	EndProjectSection
EndProject
Project("{FAE04EC0-301F-11D3-BF4B-00C04F79EFBC}") = "Lumin.Domain", "Lumin.Domain\Lumin.Domain.csproj", "{BBDE5C6C-C4B5-49C5-888E-88A43A20C4EF}"
EndProject
Project("{FAE04EC0-301F-11D3-BF4B-00C04F79EFBC}") = "Lumin.Core", "Lumin.Core\Lumin.Core.csproj", "{67A28B1B-D378-4D40-B059-20B8620AF6DD}"
	ProjectSection(ProjectDependencies) = postProject
		{BBDE5C6C-C4B5-49C5-888E-88A43A20C4EF} = {BBDE5C6C-C4B5-49C5-888E-88A43A20C4EF}
	EndProjectSection
EndProject
Project("{FAE04EC0-301F-11D3-BF4B-00C04F79EFBC}") = "Lumin.Infrastructure", "Lumin.Infrastructure\Lumin.Infrastructure.csproj", "{28155A2A-61E8-422E-822F-7D66863850BF}"
	ProjectSection(ProjectDependencies) = postProject
		{67A28B1B-D378-4D40-B059-20B8620AF6DD} = {67A28B1B-D378-4D40-B059-20B8620AF6DD}
	EndProjectSection
EndProject
Global
	GlobalSection(SolutionConfigurationPlatforms) = preSolution
		Debug|Any CPU = Debug|Any CPU
		Release|Any CPU = Release|Any CPU
	EndGlobalSection
	GlobalSection(ProjectConfigurationPlatforms) = postSolution
		{B33A5755-796D-4076-8686-29D6F91AEA72}.Debug|Any CPU.ActiveCfg = Debug|Any CPU
		{B33A5755-796D-4076-8686-29D6F91AEA72}.Debug|Any CPU.Build.0 = Debug|Any CPU
		{B33A5755-796D-4076-8686-29D6F91AEA72}.Release|Any CPU.ActiveCfg = Release|Any CPU
		{B33A5755-796D-4076-8686-29D6F91AEA72}.Release|Any CPU.Build.0 = Release|Any CPU
		{BBDE5C6C-C4B5-49C5-888E-88A43A20C4EF}.Debug|Any CPU.ActiveCfg = Debug|Any CPU
		{BBDE5C6C-C4B5-49C5-888E-88A43A20C4EF}.Debug|Any CPU.Build.0 = Debug|Any CPU
		{BBDE5C6C-C4B5-49C5-888E-88A43A20C4EF}.Release|Any CPU.ActiveCfg = Release|Any CPU
		{BBDE5C6C-C4B5-49C5-888E-88A43A20C4EF}.Release|Any CPU.Build.0 = Release|Any CPU
		{67A28B1B-D378-4D40-B059-20B8620AF6DD}.Debug|Any CPU.ActiveCfg = Debug|Any CPU
		{67A28B1B-D378-4D40-B059-20B8620AF6DD}.Debug|Any CPU.Build.0 = Debug|Any CPU
		{67A28B1B-D378-4D40-B059-20B8620AF6DD}.Release|Any CPU.ActiveCfg = Release|Any CPU
		{67A28B1B-D378-4D40-B059-20B8620AF6DD}.Release|Any CPU.Build.0 = Release|Any CPU
		{28155A2A-61E8-422E-822F-7D66863850BF}.Debug|Any CPU.ActiveCfg = Debug|Any CPU
		{28155A2A-61E8-422E-822F-7D66863850BF}.Debug|Any CPU.Build.0 = Debug|Any CPU
		{28155A2A-61E8-422E-822F-7D66863850BF}.Release|Any CPU.ActiveCfg = Release|Any CPU
		{28155A2A-61E8-422E-822F-7D66863850BF}.Release|Any CPU.Build.0 = Release|Any CPU
	EndGlobalSection
	GlobalSection(SolutionProperties) = preSolution
		HideSolutionNode = FALSE
	EndGlobalSection
EndGlobal
